PODS:
  - Flutter (1.0.0)
  - flutter_kbz_pay (0.0.1):
    - Flutter

DEPENDENCIES:
  - Flutter (from `Flutter`)
  - flutter_kbz_pay (from `.symlinks/plugins/flutter_kbz_pay/ios`)

EXTERNAL SOURCES:
  Flutter:
    :path: Flutter
  flutter_kbz_pay:
    :path: ".symlinks/plugins/flutter_kbz_pay/ios"

SPEC CHECKSUMS:
  Flutter: cabc95a1d2626b1b06e7179b784ebcf0c0cde467
  flutter_kbz_pay: 1e12eb9ce21d2db7c91da97c17b0aa3981f3d365

PODFILE CHECKSUM: 0dbd5a87e0ace00c9610d2037ac22083a01f861d

COCOAPODS: 1.16.2
